// !$*UTF8*$!
{
	archiveVersion = 1;
	classes = {
	};
	objectVersion = 46;
	objects = {

/* Begin PBXBuildFile section */
		A2EEA2BB1B31D31700B51027 /* AppDelegate.swift in Sources */ = {isa = PBXBuildFile; fileRef = A2EEA2BA1B31D31700B51027 /* AppDelegate.swift */; };
		A2EEA2BD1B31D31700B51027 /* ViewController.swift in Sources */ = {isa = PBXBuildFile; fileRef = A2EEA2BC1B31D31700B51027 /* ViewController.swift */; };
		A2EEA2C01B31D31700B51027 /* Main.storyboard in Resources */ = {isa = PBXBuildFile; fileRef = A2EEA2BE1B31D31700B51027 /* Main.storyboard */; };
		A2EEA2C21B31D31700B51027 /* Images.xcassets in Resources */ = {isa = PBXBuildFile; fileRef = A2EEA2C11B31D31700B51027 /* Images.xcassets */; };
		A2EEA2C51B31D31700B51027 /* LaunchScreen.xib in Resources */ = {isa = PBXBuildFile; fileRef = A2EEA2C31B31D31700B51027 /* LaunchScreen.xib */; };
		A2EEA2D11B31D31700B51027 /* GraphSearchTests.swift in Sources */ = {isa = PBXBuildFile; fileRef = A2EEA2D01B31D31700B51027 /* GraphSearchTests.swift */; };
		A2EEA2DB1B31D39300B51027 /* Search.swift in Sources */ = {isa = PBXBuildFile; fileRef = A2EEA2DA1B31D39300B51027 /* Search.swift */; };
/* End PBXBuildFile section */

/* Begin PBXContainerItemProxy section */
		A2EEA2CB1B31D31700B51027 /* PBXContainerItemProxy */ = {
			isa = PBXContainerItemProxy;
			containerPortal = A2EEA2AD1B31D31700B51027 /* Project object */;
			proxyType = 1;
			remoteGlobalIDString = A2EEA2B41B31D31700B51027;
			remoteInfo = GraphSearch;
		};
/* End PBXContainerItemProxy section */

/* Begin PBXFileReference section */
		A2EEA2B51B31D31700B51027 /* GraphSearch.app */ = {isa = PBXFileReference; explicitFileType = wrapper.application; includeInIndex = 0; path = GraphSearch.app; sourceTree = BUILT_PRODUCTS_DIR; };
		A2EEA2B91B31D31700B51027 /* Info.plist */ = {isa = PBXFileReference; lastKnownFileType = text.plist.xml; path = Info.plist; sourceTree = "<group>"; };
		A2EEA2BA1B31D31700B51027 /* AppDelegate.swift */ = {isa = PBXFileReference; lastKnownFileType = sourcecode.swift; path = AppDelegate.swift; sourceTree = "<group>"; };
		A2EEA2BC1B31D31700B51027 /* ViewController.swift */ = {isa = PBXFileReference; lastKnownFileType = sourcecode.swift; path = ViewController.swift; sourceTree = "<group>"; };
		A2EEA2BF1B31D31700B51027 /* Base */ = {isa = PBXFileReference; lastKnownFileType = file.storyboard; name = Base; path = Base.lproj/Main.storyboard; sourceTree = "<group>"; };
		A2EEA2C11B31D31700B51027 /* Images.xcassets */ = {isa = PBXFileReference; lastKnownFileType = folder.assetcatalog; path = Images.xcassets; sourceTree = "<group>"; };
		A2EEA2C41B31D31700B51027 /* Base */ = {isa = PBXFileReference; lastKnownFileType = file.xib; name = Base; path = Base.lproj/LaunchScreen.xib; sourceTree = "<group>"; };
		A2EEA2CA1B31D31700B51027 /* GraphSearchTests.xctest */ = {isa = PBXFileReference; explicitFileType = wrapper.cfbundle; includeInIndex = 0; path = GraphSearchTests.xctest; sourceTree = BUILT_PRODUCTS_DIR; };
		A2EEA2CF1B31D31700B51027 /* Info.plist */ = {isa = PBXFileReference; lastKnownFileType = text.plist.xml; path = Info.plist; sourceTree = "<group>"; };
		A2EEA2D01B31D31700B51027 /* GraphSearchTests.swift */ = {isa = PBXFileReference; lastKnownFileType = sourcecode.swift; path = GraphSearchTests.swift; sourceTree = "<group>"; };
		A2EEA2DA1B31D39300B51027 /* Search.swift */ = {isa = PBXFileReference; fileEncoding = 4; lastKnownFileType = sourcecode.swift; path = Search.swift; sourceTree = "<group>"; };
/* End PBXFileReference section */

/* Begin PBXFrameworksBuildPhase section */
		A2EEA2B21B31D31700B51027 /* Frameworks */ = {
			isa = PBXFrameworksBuildPhase;
			buildActionMask = 2147483647;
			files = (
			);
			runOnlyForDeploymentPostprocessing = 0;
		};
		A2EEA2C71B31D31700B51027 /* Frameworks */ = {
			isa = PBXFrameworksBuildPhase;
			buildActionMask = 2147483647;
			files = (
			);
			runOnlyForDeploymentPostprocessing = 0;
		};
/* End PBXFrameworksBuildPhase section */

/* Begin PBXGroup section */
		A2EEA2AC1B31D31700B51027 = {
			isa = PBXGroup;
			children = (
				A2EEA2B71B31D31700B51027 /* GraphSearch */,
				A2EEA2CD1B31D31700B51027 /* GraphSearchTests */,
				A2EEA2B61B31D31700B51027 /* Products */,
			);
			sourceTree = "<group>";
		};
		A2EEA2B61B31D31700B51027 /* Products */ = {
			isa = PBXGroup;
			children = (
				A2EEA2B51B31D31700B51027 /* GraphSearch.app */,
				A2EEA2CA1B31D31700B51027 /* GraphSearchTests.xctest */,
			);
			name = Products;
			sourceTree = "<group>";
		};
		A2EEA2B71B31D31700B51027 /* GraphSearch */ = {
			isa = PBXGroup;
			children = (
				A2EEA2BA1B31D31700B51027 /* AppDelegate.swift */,
				A2EEA2BC1B31D31700B51027 /* ViewController.swift */,
				A2EEA2DA1B31D39300B51027 /* Search.swift */,
				A2EEA2BE1B31D31700B51027 /* Main.storyboard */,
				A2EEA2C11B31D31700B51027 /* Images.xcassets */,
				A2EEA2C31B31D31700B51027 /* LaunchScreen.xib */,
				A2EEA2B81B31D31700B51027 /* Supporting Files */,
			);
			path = GraphSearch;
			sourceTree = "<group>";
		};
		A2EEA2B81B31D31700B51027 /* Supporting Files */ = {
			isa = PBXGroup;
			children = (
				A2EEA2B91B31D31700B51027 /* Info.plist */,
			);
			name = "Supporting Files";
			sourceTree = "<group>";
		};
		A2EEA2CD1B31D31700B51027 /* GraphSearchTests */ = {
			isa = PBXGroup;
			children = (
				A2EEA2D01B31D31700B51027 /* GraphSearchTests.swift */,
				A2EEA2CE1B31D31700B51027 /* Supporting Files */,
			);
			path = GraphSearchTests;
			sourceTree = "<group>";
		};
		A2EEA2CE1B31D31700B51027 /* Supporting Files */ = {
			isa = PBXGroup;
			children = (
				A2EEA2CF1B31D31700B51027 /* Info.plist */,
			);
			name = "Supporting Files";
			sourceTree = "<group>";
		};
/* End PBXGroup section */

/* Begin PBXNativeTarget section */
		A2EEA2B41B31D31700B51027 /* GraphSearch */ = {
			isa = PBXNativeTarget;
			buildConfigurationList = A2EEA2D41B31D31700B51027 /* Build configuration list for PBXNativeTarget "GraphSearch" */;
			buildPhases = (
				A2EEA2B11B31D31700B51027 /* Sources */,
				A2EEA2B21B31D31700B51027 /* Frameworks */,
				A2EEA2B31B31D31700B51027 /* Resources */,
			);
			buildRules = (
			);
			dependencies = (
			);
			name = GraphSearch;
			productName = GraphSearch;
			productReference = A2EEA2B51B31D31700B51027 /* GraphSearch.app */;
			productType = "com.apple.product-type.application";
		};
		A2EEA2C91B31D31700B51027 /* GraphSearchTests */ = {
			isa = PBXNativeTarget;
			buildConfigurationList = A2EEA2D71B31D31700B51027 /* Build configuration list for PBXNativeTarget "GraphSearchTests" */;
			buildPhases = (
				A2EEA2C61B31D31700B51027 /* Sources */,
				A2EEA2C71B31D31700B51027 /* Frameworks */,
				A2EEA2C81B31D31700B51027 /* Resources */,
			);
			buildRules = (
			);
			dependencies = (
				A2EEA2CC1B31D31700B51027 /* PBXTargetDependency */,
			);
			name = GraphSearchTests;
			productName = GraphSearchTests;
			productReference = A2EEA2CA1B31D31700B51027 /* GraphSearchTests.xctest */;
			productType = "com.apple.product-type.bundle.unit-test";
		};
/* End PBXNativeTarget section */

/* Begin PBXProject section */
		A2EEA2AD1B31D31700B51027 /* Project object */ = {
			isa = PBXProject;
			attributes = {
				LastUpgradeCheck = 0630;
				ORGANIZATIONNAME = "Nicole Lehrer";
				TargetAttributes = {
					A2EEA2B41B31D31700B51027 = {
						CreatedOnToolsVersion = 6.3.2;
					};
					A2EEA2C91B31D31700B51027 = {
						CreatedOnToolsVersion = 6.3.2;
						TestTargetID = A2EEA2B41B31D31700B51027;
					};
				};
			};
			buildConfigurationList = A2EEA2B01B31D31700B51027 /* Build configuration list for PBXProject "GraphSearch" */;
			compatibilityVersion = "Xcode 3.2";
			developmentRegion = English;
			hasScannedForEncodings = 0;
			knownRegions = (
				en,
				Base,
			);
			mainGroup = A2EEA2AC1B31D31700B51027;
			productRefGroup = A2EEA2B61B31D31700B51027 /* Products */;
			projectDirPath = "";
			projectRoot = "";
			targets = (
				A2EEA2B41B31D31700B51027 /* GraphSearch */,
				A2EEA2C91B31D31700B51027 /* GraphSearchTests */,
			);
		};
/* End PBXProject section */

/* Begin PBXResourcesBuildPhase section */
		A2EEA2B31B31D31700B51027 /* Resources */ = {
			isa = PBXResourcesBuildPhase;
			buildActionMask = 2147483647;
			files = (
				A2EEA2C01B31D31700B51027 /* Main.storyboard in Resources */,
				A2EEA2C51B31D31700B51027 /* LaunchScreen.xib in Resources */,
				A2EEA2C21B31D31700B51027 /* Images.xcassets in Resources */,
			);
			runOnlyForDeploymentPostprocessing = 0;
		};
		A2EEA2C81B31D31700B51027 /* Resources */ = {
			isa = PBXResourcesBuildPhase;
			buildActionMask = 2147483647;
			files = (
			);
			runOnlyForDeploymentPostprocessing = 0;
		};
/* End PBXResourcesBuildPhase section */

/* Begin PBXSourcesBuildPhase section */
		A2EEA2B11B31D31700B51027 /* Sources */ = {
			isa = PBXSourcesBuildPhase;
			buildActionMask = 2147483647;
			files = (
				A2EEA2DB1B31D39300B51027 /* Search.swift in Sources */,
				A2EEA2BD1B31D31700B51027 /* ViewController.swift in Sources */,
				A2EEA2BB1B31D31700B51027 /* AppDelegate.swift in Sources */,
			);
			runOnlyForDeploymentPostprocessing = 0;
		};
		A2EEA2C61B31D31700B51027 /* Sources */ = {
			isa = PBXSourcesBuildPhase;
			buildActionMask = 2147483647;
			files = (
				A2EEA2D11B31D31700B51027 /* GraphSearchTests.swift in Sources */,
			);
			runOnlyForDeploymentPostprocessing = 0;
		};
/* End PBXSourcesBuildPhase section */

/* Begin PBXTargetDependency section */
		A2EEA2CC1B31D31700B51027 /* PBXTargetDependency */ = {
			isa = PBXTargetDependency;
			target = A2EEA2B41B31D31700B51027 /* GraphSearch */;
			targetProxy = A2EEA2CB1B31D31700B51027 /* PBXContainerItemProxy */;
		};
/* End PBXTargetDependency section */

/* Begin PBXVariantGroup section */
		A2EEA2BE1B31D31700B51027 /* Main.storyboard */ = {
			isa = PBXVariantGroup;
			children = (
				A2EEA2BF1B31D31700B51027 /* Base */,
			);
			name = Main.storyboard;
			sourceTree = "<group>";
		};
		A2EEA2C31B31D31700B51027 /* LaunchScreen.xib */ = {
			isa = PBXVariantGroup;
			children = (
				A2EEA2C41B31D31700B51027 /* Base */,
			);
			name = LaunchScreen.xib;
			sourceTree = "<group>";
		};
/* End PBXVariantGroup section */

/* Begin XCBuildConfiguration section */
		A2EEA2D21B31D31700B51027 /* Debug */ = {
			isa = XCBuildConfiguration;
			buildSettings = {
				ALWAYS_SEARCH_USER_PATHS = NO;
				CLANG_CXX_LANGUAGE_STANDARD = "gnu++0x";
				CLANG_CXX_LIBRARY = "libc++";
				CLANG_ENABLE_MODULES = YES;
				CLANG_ENABLE_OBJC_ARC = YES;
				CLANG_WARN_BOOL_CONVERSION = YES;
				CLANG_WARN_CONSTANT_CONVERSION = YES;
				CLANG_WARN_DIRECT_OBJC_ISA_USAGE = YES_ERROR;
				CLANG_WARN_EMPTY_BODY = YES;
				CLANG_WARN_ENUM_CONVERSION = YES;
				CLANG_WARN_INT_CONVERSION = YES;
				CLANG_WARN_OBJC_ROOT_CLASS = YES_ERROR;
				CLANG_WARN_UNREACHABLE_CODE = YES;
				CLANG_WARN__DUPLICATE_METHOD_MATCH = YES;
				"CODE_SIGN_IDENTITY[sdk=iphoneos*]" = "iPhone Developer";
				COPY_PHASE_STRIP = NO;
				DEBUG_INFORMATION_FORMAT = "dwarf-with-dsym";
				ENABLE_STRICT_OBJC_MSGSEND = YES;
				GCC_C_LANGUAGE_STANDARD = gnu99;
				GCC_DYNAMIC_NO_PIC = NO;
				GCC_NO_COMMON_BLOCKS = YES;
				GCC_OPTIMIZATION_LEVEL = 0;
				GCC_PREPROCESSOR_DEFINITIONS = (
					"DEBUG=1",
					"$(inherited)",
				);
				GCC_SYMBOLS_PRIVATE_EXTERN = NO;
				GCC_WARN_64_TO_32_BIT_CONVERSION = YES;
				GCC_WARN_ABOUT_RETURN_TYPE = YES_ERROR;
				GCC_WARN_UNDECLARED_SELECTOR = YES;
				GCC_WARN_UNINITIALIZED_AUTOS = YES_AGGRESSIVE;
				GCC_WARN_UNUSED_FUNCTION = YES;
				GCC_WARN_UNUSED_VARIABLE = YES;
				IPHONEOS_DEPLOYMENT_TARGET = 8.3;
				MTL_ENABLE_DEBUG_INFO = YES;
				ONLY_ACTIVE_ARCH = YES;
				SDKROOT = iphoneos;
				SWIFT_OPTIMIZATION_LEVEL = "-Onone";
			};
			name = Debug;
		};
		A2EEA2D31B31D31700B51027 /* Release */ = {
			isa = XCBuildConfiguration;
			buildSettings = {
				ALWAYS_SEARCH_USER_PATHS = NO;
				CLANG_CXX_LANGUAGE_STANDARD = "gnu++0x";
				CLANG_CXX_LIBRARY = "libc++";
				CLANG_ENABLE_MODULES = YES;
				CLANG_ENABLE_OBJC_ARC = YES;
				CLANG_WARN_BOOL_CONVERSION = YES;
				CLANG_WARN_CONSTANT_CONVERSION = YES;
				CLANG_WARN_DIRECT_OBJC_ISA_USAGE = YES_ERROR;
				CLANG_WARN_EMPTY_BODY = YES;
				CLANG_WARN_ENUM_CONVERSION = YES;
				CLANG_WARN_INT_CONVERSION = YES;
				CLANG_WARN_OBJC_ROOT_CLASS = YES_ERROR;
				CLANG_WARN_UNREACHABLE_CODE = YES;
				CLANG_WARN__DUPLICATE_METHOD_MATCH = YES;
				"CODE_SIGN_IDENTITY[sdk=iphoneos*]" = "iPhone Developer";
				COPY_PHASE_STRIP = NO;
				DEBUG_INFORMATION_FORMAT = "dwarf-with-dsym";
				ENABLE_NS_ASSERTIONS = NO;
				ENABLE_STRICT_OBJC_MSGSEND = YES;
				GCC_C_LANGUAGE_STANDARD = gnu99;
				GCC_NO_COMMON_BLOCKS = YES;
				GCC_WARN_64_TO_32_BIT_CONVERSION = YES;
				GCC_WARN_ABOUT_RETURN_TYPE = YES_ERROR;
				GCC_WARN_UNDECLARED_SELECTOR = YES;
				GCC_WARN_UNINITIALIZED_AUTOS = YES_AGGRESSIVE;
				GCC_WARN_UNUSED_FUNCTION = YES;
				GCC_WARN_UNUSED_VARIABLE = YES;
				IPHONEOS_DEPLOYMENT_TARGET = 8.3;
				MTL_ENABLE_DEBUG_INFO = NO;
				SDKROOT = iphoneos;
				VALIDATE_PRODUCT = YES;
			};
			name = Release;
		};
		A2EEA2D51B31D31700B51027 /* Debug */ = {
			isa = XCBuildConfiguration;
			buildSettings = {
				ASSETCATALOG_COMPILER_APPICON_NAME = AppIcon;
				INFOPLIST_FILE = GraphSearch/Info.plist;
				LD_RUNPATH_SEARCH_PATHS = "$(inherited) @executable_path/Frameworks";
				PRODUCT_NAME = "$(TARGET_NAME)";
			};
			name = Debug;
		};
		A2EEA2D61B31D31700B51027 /* Release */ = {
			isa = XCBuildConfiguration;
			buildSettings = {
				ASSETCATALOG_COMPILER_APPICON_NAME = AppIcon;
				INFOPLIST_FILE = GraphSearch/Info.plist;
				LD_RUNPATH_SEARCH_PATHS = "$(inherited) @executable_path/Frameworks";
				PRODUCT_NAME = "$(TARGET_NAME)";
			};
			name = Release;
		};
		A2EEA2D81B31D31700B51027 /* Debug */ = {
			isa = XCBuildConfiguration;
			buildSettings = {
				BUNDLE_LOADER = "$(TEST_HOST)";
				FRAMEWORK_SEARCH_PATHS = (
					"$(SDKROOT)/Developer/Library/Frameworks",
					"$(inherited)",
				);
				GCC_PREPROCESSOR_DEFINITIONS = (
					"DEBUG=1",
					"$(inherited)",
				);
				INFOPLIST_FILE = GraphSearchTests/Info.plist;
				LD_RUNPATH_SEARCH_PATHS = "$(inherited) @executable_path/Frameworks @loader_path/Frameworks";
				PRODUCT_NAME = "$(TARGET_NAME)";
				TEST_HOST = "$(BUILT_PRODUCTS_DIR)/GraphSearch.app/GraphSearch";
			};
			name = Debug;
		};
		A2EEA2D91B31D31700B51027 /* Release */ = {
			isa = XCBuildConfiguration;
			buildSettings = {
				BUNDLE_LOADER = "$(TEST_HOST)";
				FRAMEWORK_SEARCH_PATHS = (
					"$(SDKROOT)/Developer/Library/Frameworks",
					"$(inherited)",
				);
				INFOPLIST_FILE = GraphSearchTests/Info.plist;
				LD_RUNPATH_SEARCH_PATHS = "$(inherited) @executable_path/Frameworks @loader_path/Frameworks";
				PRODUCT_NAME = "$(TARGET_NAME)";
				TEST_HOST = "$(BUILT_PRODUCTS_DIR)/GraphSearch.app/GraphSearch";
			};
			name = Release;
		};
/* End XCBuildConfiguration section */

/* Begin XCConfigurationList section */
		A2EEA2B01B31D31700B51027 /* Build configuration list for PBXProject "GraphSearch" */ = {
			isa = XCConfigurationList;
			buildConfigurations = (
				A2EEA2D21B31D31700B51027 /* Debug */,
				A2EEA2D31B31D31700B51027 /* Release */,
			);
			defaultConfigurationIsVisible = 0;
			defaultConfigurationName = Release;
		};
		A2EEA2D41B31D31700B51027 /* Build configuration list for PBXNativeTarget "GraphSearch" */ = {
			isa = XCConfigurationList;
			buildConfigurations = (
				A2EEA2D51B31D31700B51027 /* Debug */,
				A2EEA2D61B31D31700B51027 /* Release */,
			);
			defaultConfigurationIsVisible = 0;
			defaultConfigurationName = Release;
		};
		A2EEA2D71B31D31700B51027 /* Build configuration list for PBXNativeTarget "GraphSearchTests" */ = {
			isa = XCConfigurationList;
			buildConfigurations = (
				A2EEA2D81B31D31700B51027 /* Debug */,
				A2EEA2D91B31D31700B51027 /* Release */,
			);
			defaultConfigurationIsVisible = 0;
			defaultConfigurationName = Release;
		};
/* End XCConfigurationList section */
	};
	rootObject = A2EEA2AD1B31D31700B51027 /* Project object */;
}
